{
  "name": "test",
  "lockfileVersion": 2,
  "requires": true,
  "packages": {
    "": {
      "dependencies": {
        "@fro9-dev/js-libraries": "^1.0.0"
      }
    },
    "node_modules/@fro9-dev/js-libraries": {
      "version": "1.0.0",
      "resolved": "https://npm.pkg.github.com/download/@fro9-dev/js-libraries/1.0.0/dc4af6b040ef32f211b045ebd23424be663c1ac8651d8a10f38d9dbcc27b659f",
      "integrity": "sha512-t96nzHYpR3We32IVF9CAXX3p/X3x8QiS+/gfeyRr0aM3VvtDtThQVR9Nyw/ZZeNK5HzUud70k5nPX+ZopKpBSQ==",
      "license": "ISC"
    }
  },
  "dependencies": {
    "@fro9-dev/js-libraries": {
      "version": "1.0.0",
      "resolved": "https://npm.pkg.github.com/download/@fro9-dev/js-libraries/1.0.0/dc4af6b040ef32f211b045ebd23424be663c1ac8651d8a10f38d9dbcc27b659f",
      "integrity": "sha512-t96nzHYpR3We32IVF9CAXX3p/X3x8QiS+/gfeyRr0aM3VvtDtThQVR9Nyw/ZZeNK5HzUud70k5nPX+ZopKpBSQ=="
    }
  }
}
